
Microsoft Visual Studio Solution File, Format Version 12.00
# Visual Studio Version 17
VisualStudioVersion = 17.1.32228.430
MinimumVisualStudioVersion = 10.0.40219.1
Project("{FAE04EC0-301F-11D3-BF4B-00C04F79EFBC}") = "FunctionalPrograming", "FunctionalPrograming\FunctionalPrograming.csproj", "{1DFECDFE-DF06-4821-850C-2DA15EE33D0B}"
EndProject
Project("{FAE04EC0-301F-11D3-BF4B-00C04F79EFBC}") = "Sum Numbers", "Sum Numbers\Sum Numbers.csproj", "{FE5B828E-3522-41F5-98B2-CFCC16AE92EE}"
EndProject
Project("{FAE04EC0-301F-11D3-BF4B-00C04F79EFBC}") = "Count Uppercase Words", "Count Uppercase Words\Count Uppercase Words.csproj", "{316D2625-07D8-4D9B-9900-03F2D75B696E}"
EndProject
Project("{FAE04EC0-301F-11D3-BF4B-00C04F79EFBC}") = "AddVAT", "AddVAT\AddVAT.csproj", "{DAB7B44D-90A9-4025-88A9-2AE88F0AF2A0}"
EndProject
Project("{FAE04EC0-301F-11D3-BF4B-00C04F79EFBC}") = "Filter By Age", "Filter By Age\Filter By Age.csproj", "{9AF0C35C-035E-4820-91E3-ED9A23F51DCF}"
EndProject
Global
	GlobalSection(SolutionConfigurationPlatforms) = preSolution
		Debug|Any CPU = Debug|Any CPU
		Release|Any CPU = Release|Any CPU
	EndGlobalSection
	GlobalSection(ProjectConfigurationPlatforms) = postSolution
		{1DFECDFE-DF06-4821-850C-2DA15EE33D0B}.Debug|Any CPU.ActiveCfg = Debug|Any CPU
		{1DFECDFE-DF06-4821-850C-2DA15EE33D0B}.Debug|Any CPU.Build.0 = Debug|Any CPU
		{1DFECDFE-DF06-4821-850C-2DA15EE33D0B}.Release|Any CPU.ActiveCfg = Release|Any CPU
		{1DFECDFE-DF06-4821-850C-2DA15EE33D0B}.Release|Any CPU.Build.0 = Release|Any CPU
		{FE5B828E-3522-41F5-98B2-CFCC16AE92EE}.Debug|Any CPU.ActiveCfg = Debug|Any CPU
		{FE5B828E-3522-41F5-98B2-CFCC16AE92EE}.Debug|Any CPU.Build.0 = Debug|Any CPU
		{FE5B828E-3522-41F5-98B2-CFCC16AE92EE}.Release|Any CPU.ActiveCfg = Release|Any CPU
		{FE5B828E-3522-41F5-98B2-CFCC16AE92EE}.Release|Any CPU.Build.0 = Release|Any CPU
		{316D2625-07D8-4D9B-9900-03F2D75B696E}.Debug|Any CPU.ActiveCfg = Debug|Any CPU
		{316D2625-07D8-4D9B-9900-03F2D75B696E}.Debug|Any CPU.Build.0 = Debug|Any CPU
		{316D2625-07D8-4D9B-9900-03F2D75B696E}.Release|Any CPU.ActiveCfg = Release|Any CPU
		{316D2625-07D8-4D9B-9900-03F2D75B696E}.Release|Any CPU.Build.0 = Release|Any CPU
		{DAB7B44D-90A9-4025-88A9-2AE88F0AF2A0}.Debug|Any CPU.ActiveCfg = Debug|Any CPU
		{DAB7B44D-90A9-4025-88A9-2AE88F0AF2A0}.Debug|Any CPU.Build.0 = Debug|Any CPU
		{DAB7B44D-90A9-4025-88A9-2AE88F0AF2A0}.Release|Any CPU.ActiveCfg = Release|Any CPU
		{DAB7B44D-90A9-4025-88A9-2AE88F0AF2A0}.Release|Any CPU.Build.0 = Release|Any CPU
		{9AF0C35C-035E-4820-91E3-ED9A23F51DCF}.Debug|Any CPU.ActiveCfg = Debug|Any CPU
		{9AF0C35C-035E-4820-91E3-ED9A23F51DCF}.Debug|Any CPU.Build.0 = Debug|Any CPU
		{9AF0C35C-035E-4820-91E3-ED9A23F51DCF}.Release|Any CPU.ActiveCfg = Release|Any CPU
		{9AF0C35C-035E-4820-91E3-ED9A23F51DCF}.Release|Any CPU.Build.0 = Release|Any CPU
	EndGlobalSection
	GlobalSection(SolutionProperties) = preSolution
		HideSolutionNode = FALSE
	EndGlobalSection
	GlobalSection(ExtensibilityGlobals) = postSolution
		SolutionGuid = {09DDC86E-993D-4561-92DB-7AA07476CDD7}
	EndGlobalSection
EndGlobal
