
Microsoft Visual Studio Solution File, Format Version 12.00
# Visual Studio Version 17
VisualStudioVersion = 17.1.32228.430
MinimumVisualStudioVersion = 10.0.40219.1
Project("{9A19103F-16F7-4668-BE54-9A1E7A4F7556}") = "GenericBox", "GenericBox\GenericBox.csproj", "{CAD402EC-85DE-42D6-BC3E-980E60699DA9}"
EndProject
Project("{FAE04EC0-301F-11D3-BF4B-00C04F79EFBC}") = "Tuple", "Tuple\Tuple.csproj", "{1F5C44DD-FF7C-44D9-935A-14B241E623F8}"
EndProject
Global
	GlobalSection(SolutionConfigurationPlatforms) = preSolution
		Debug|Any CPU = Debug|Any CPU
		Release|Any CPU = Release|Any CPU
	EndGlobalSection
	GlobalSection(ProjectConfigurationPlatforms) = postSolution
		{CAD402EC-85DE-42D6-BC3E-980E60699DA9}.Debug|Any CPU.ActiveCfg = Debug|Any CPU
		{CAD402EC-85DE-42D6-BC3E-980E60699DA9}.Debug|Any CPU.Build.0 = Debug|Any CPU
		{CAD402EC-85DE-42D6-BC3E-980E60699DA9}.Release|Any CPU.ActiveCfg = Release|Any CPU
		{CAD402EC-85DE-42D6-BC3E-980E60699DA9}.Release|Any CPU.Build.0 = Release|Any CPU
		{1F5C44DD-FF7C-44D9-935A-14B241E623F8}.Debug|Any CPU.ActiveCfg = Debug|Any CPU
		{1F5C44DD-FF7C-44D9-935A-14B241E623F8}.Debug|Any CPU.Build.0 = Debug|Any CPU
		{1F5C44DD-FF7C-44D9-935A-14B241E623F8}.Release|Any CPU.ActiveCfg = Release|Any CPU
		{1F5C44DD-FF7C-44D9-935A-14B241E623F8}.Release|Any CPU.Build.0 = Release|Any CPU
	EndGlobalSection
	GlobalSection(SolutionProperties) = preSolution
		HideSolutionNode = FALSE
	EndGlobalSection
	GlobalSection(ExtensibilityGlobals) = postSolution
		SolutionGuid = {3B56073C-D0BE-40C8-BA3F-83374EF48A67}
	EndGlobalSection
EndGlobal
