
Microsoft Visual Studio Solution File, Format Version 12.00
# Visual Studio Version 17
VisualStudioVersion = 17.1.32228.430
MinimumVisualStudioVersion = 10.0.40219.1
Project("{FAE04EC0-301F-11D3-BF4B-00C04F79EFBC}") = "Strings and Text Processing", "Strings and Text Processing\Strings and Text Processing.csproj", "{EB6FE26C-675A-43BC-B3F4-DDA5B83837CC}"
EndProject
Project("{FAE04EC0-301F-11D3-BF4B-00C04F79EFBC}") = "Ascii Sumator", "Ascii Sumator\Ascii Sumator.csproj", "{A1250BAD-D5E6-4522-9928-42CAA75AFC19}"
EndProject
Project("{FAE04EC0-301F-11D3-BF4B-00C04F79EFBC}") = "Treasure Finder", "Treasure Finder\Treasure Finder.csproj", "{C9BDF564-875F-4D52-8F9F-FBA9E097D6FB}"
EndProject
Project("{FAE04EC0-301F-11D3-BF4B-00C04F79EFBC}") = "4. Morse Code Translator", "4. Morse Code Translator\4. Morse Code Translator.csproj", "{0393941E-0EE1-4E17-9AD0-8518537048C7}"
EndProject
Project("{FAE04EC0-301F-11D3-BF4B-00C04F79EFBC}") = "HTML", "HTML\HTML.csproj", "{F51821EB-3B5E-40BB-882C-5047EFACB16F}"
EndProject
Global
	GlobalSection(SolutionConfigurationPlatforms) = preSolution
		Debug|Any CPU = Debug|Any CPU
		Release|Any CPU = Release|Any CPU
	EndGlobalSection
	GlobalSection(ProjectConfigurationPlatforms) = postSolution
		{EB6FE26C-675A-43BC-B3F4-DDA5B83837CC}.Debug|Any CPU.ActiveCfg = Debug|Any CPU
		{EB6FE26C-675A-43BC-B3F4-DDA5B83837CC}.Debug|Any CPU.Build.0 = Debug|Any CPU
		{EB6FE26C-675A-43BC-B3F4-DDA5B83837CC}.Release|Any CPU.ActiveCfg = Release|Any CPU
		{EB6FE26C-675A-43BC-B3F4-DDA5B83837CC}.Release|Any CPU.Build.0 = Release|Any CPU
		{A1250BAD-D5E6-4522-9928-42CAA75AFC19}.Debug|Any CPU.ActiveCfg = Debug|Any CPU
		{A1250BAD-D5E6-4522-9928-42CAA75AFC19}.Debug|Any CPU.Build.0 = Debug|Any CPU
		{A1250BAD-D5E6-4522-9928-42CAA75AFC19}.Release|Any CPU.ActiveCfg = Release|Any CPU
		{A1250BAD-D5E6-4522-9928-42CAA75AFC19}.Release|Any CPU.Build.0 = Release|Any CPU
		{C9BDF564-875F-4D52-8F9F-FBA9E097D6FB}.Debug|Any CPU.ActiveCfg = Debug|Any CPU
		{C9BDF564-875F-4D52-8F9F-FBA9E097D6FB}.Debug|Any CPU.Build.0 = Debug|Any CPU
		{C9BDF564-875F-4D52-8F9F-FBA9E097D6FB}.Release|Any CPU.ActiveCfg = Release|Any CPU
		{C9BDF564-875F-4D52-8F9F-FBA9E097D6FB}.Release|Any CPU.Build.0 = Release|Any CPU
		{0393941E-0EE1-4E17-9AD0-8518537048C7}.Debug|Any CPU.ActiveCfg = Debug|Any CPU
		{0393941E-0EE1-4E17-9AD0-8518537048C7}.Debug|Any CPU.Build.0 = Debug|Any CPU
		{0393941E-0EE1-4E17-9AD0-8518537048C7}.Release|Any CPU.ActiveCfg = Release|Any CPU
		{0393941E-0EE1-4E17-9AD0-8518537048C7}.Release|Any CPU.Build.0 = Release|Any CPU
		{F51821EB-3B5E-40BB-882C-5047EFACB16F}.Debug|Any CPU.ActiveCfg = Debug|Any CPU
		{F51821EB-3B5E-40BB-882C-5047EFACB16F}.Debug|Any CPU.Build.0 = Debug|Any CPU
		{F51821EB-3B5E-40BB-882C-5047EFACB16F}.Release|Any CPU.ActiveCfg = Release|Any CPU
		{F51821EB-3B5E-40BB-882C-5047EFACB16F}.Release|Any CPU.Build.0 = Release|Any CPU
	EndGlobalSection
	GlobalSection(SolutionProperties) = preSolution
		HideSolutionNode = FALSE
	EndGlobalSection
	GlobalSection(ExtensibilityGlobals) = postSolution
		SolutionGuid = {809407D1-03FA-40E3-93B2-0E92B82A313D}
	EndGlobalSection
EndGlobal
