
Microsoft Visual Studio Solution File, Format Version 12.00
# Visual Studio Version 17
VisualStudioVersion = 17.1.32228.430
MinimumVisualStudioVersion = 10.0.40219.1
Project("{FAE04EC0-301F-11D3-BF4B-00C04F79EFBC}") = "Fundamentals Final Exam", "Fundamentals Final Exam\Fundamentals Final Exam.csproj", "{072C81A2-B243-4E6E-B9FC-E70AA40EA88D}"
EndProject
Project("{FAE04EC0-301F-11D3-BF4B-00C04F79EFBC}") = "The Pianist", "The Pianist\The Pianist.csproj", "{67C1F03A-AD13-49BA-B546-EF3F3BDDEA30}"
EndProject
Global
	GlobalSection(SolutionConfigurationPlatforms) = preSolution
		Debug|Any CPU = Debug|Any CPU
		Release|Any CPU = Release|Any CPU
	EndGlobalSection
	GlobalSection(ProjectConfigurationPlatforms) = postSolution
		{072C81A2-B243-4E6E-B9FC-E70AA40EA88D}.Debug|Any CPU.ActiveCfg = Debug|Any CPU
		{072C81A2-B243-4E6E-B9FC-E70AA40EA88D}.Debug|Any CPU.Build.0 = Debug|Any CPU
		{072C81A2-B243-4E6E-B9FC-E70AA40EA88D}.Release|Any CPU.ActiveCfg = Release|Any CPU
		{072C81A2-B243-4E6E-B9FC-E70AA40EA88D}.Release|Any CPU.Build.0 = Release|Any CPU
		{67C1F03A-AD13-49BA-B546-EF3F3BDDEA30}.Debug|Any CPU.ActiveCfg = Debug|Any CPU
		{67C1F03A-AD13-49BA-B546-EF3F3BDDEA30}.Debug|Any CPU.Build.0 = Debug|Any CPU
		{67C1F03A-AD13-49BA-B546-EF3F3BDDEA30}.Release|Any CPU.ActiveCfg = Release|Any CPU
		{67C1F03A-AD13-49BA-B546-EF3F3BDDEA30}.Release|Any CPU.Build.0 = Release|Any CPU
	EndGlobalSection
	GlobalSection(SolutionProperties) = preSolution
		HideSolutionNode = FALSE
	EndGlobalSection
	GlobalSection(ExtensibilityGlobals) = postSolution
		SolutionGuid = {F2FF9A3B-047B-404E-A61C-41F87F793444}
	EndGlobalSection
EndGlobal
